
Microsoft Visual Studio Solution File, Format Version 12.00
# Visual Studio Version 17
VisualStudioVersion = 17.2.32616.157
MinimumVisualStudioVersion = 10.0.40219.1
Project("{2150E333-8FDC-42A3-9474-1A3956D46DE8}") = "Client", "Client", "{BF0A4847-2877-4FA8-AA22-A42B71284F10}"
EndProject
Project("{9A19103F-16F7-4668-BE54-9A1E7A4F7556}") = "Restaurant.Web", "Restaurant.Web\Restaurant.Web.csproj", "{CAEE027E-B4B6-4527-B3C9-66B4D7B50F63}"
EndProject
Project("{2150E333-8FDC-42A3-9474-1A3956D46DE8}") = "API", "API", "{8ED9A88D-97D6-4795-BD79-5889B6871C4A}"
EndProject
Project("{FAE04EC0-301F-11D3-BF4B-00C04F79EFBC}") = "Restaurant.API.ProductAPI", "Restaurant.API.ProductAPI\Restaurant.API.ProductAPI.csproj", "{77483AA2-D4A1-4E15-AADD-8AEE3909E860}"
EndProject
Global
	GlobalSection(SolutionConfigurationPlatforms) = preSolution
		Debug|Any CPU = Debug|Any CPU
		Release|Any CPU = Release|Any CPU
	EndGlobalSection
	GlobalSection(ProjectConfigurationPlatforms) = postSolution
		{CAEE027E-B4B6-4527-B3C9-66B4D7B50F63}.Debug|Any CPU.ActiveCfg = Debug|Any CPU
		{CAEE027E-B4B6-4527-B3C9-66B4D7B50F63}.Debug|Any CPU.Build.0 = Debug|Any CPU
		{CAEE027E-B4B6-4527-B3C9-66B4D7B50F63}.Release|Any CPU.ActiveCfg = Release|Any CPU
		{CAEE027E-B4B6-4527-B3C9-66B4D7B50F63}.Release|Any CPU.Build.0 = Release|Any CPU
		{77483AA2-D4A1-4E15-AADD-8AEE3909E860}.Debug|Any CPU.ActiveCfg = Debug|Any CPU
		{77483AA2-D4A1-4E15-AADD-8AEE3909E860}.Debug|Any CPU.Build.0 = Debug|Any CPU
		{77483AA2-D4A1-4E15-AADD-8AEE3909E860}.Release|Any CPU.ActiveCfg = Release|Any CPU
		{77483AA2-D4A1-4E15-AADD-8AEE3909E860}.Release|Any CPU.Build.0 = Release|Any CPU
	EndGlobalSection
	GlobalSection(SolutionProperties) = preSolution
		HideSolutionNode = FALSE
	EndGlobalSection
	GlobalSection(NestedProjects) = preSolution
		{CAEE027E-B4B6-4527-B3C9-66B4D7B50F63} = {BF0A4847-2877-4FA8-AA22-A42B71284F10}
		{77483AA2-D4A1-4E15-AADD-8AEE3909E860} = {8ED9A88D-97D6-4795-BD79-5889B6871C4A}
	EndGlobalSection
	GlobalSection(ExtensibilityGlobals) = postSolution
		SolutionGuid = {C4D64E54-0BC3-4C33-A8A3-C4EE3CBB5D71}
	EndGlobalSection
EndGlobal
